// !$*UTF8*$!
{
	archiveVersion = 1;
	classes = {
	};
	objectVersion = 56;
	objects = {

/* Begin PBXBuildFile section */
		043832F361CF14075860B99F /* Pods_GoodListView.framework in Frameworks */ = {isa = PBXBuildFile; fileRef = CB7815BD4B5AD274341A3D66 /* Pods_GoodListView.framework */; };
		9313FEDA2940049500A82D35 /* AppDelegate.swift in Sources */ = {isa = PBXBuildFile; fileRef = 9313FED92940049500A82D35 /* AppDelegate.swift */; };
		9313FEDC2940049500A82D35 /* SceneDelegate.swift in Sources */ = {isa = PBXBuildFile; fileRef = 9313FEDB2940049500A82D35 /* SceneDelegate.swift */; };
		9313FEE12940049500A82D35 /* Main.storyboard in Resources */ = {isa = PBXBuildFile; fileRef = 9313FEDF2940049500A82D35 /* Main.storyboard */; };
		9313FEE32940049600A82D35 /* Assets.xcassets in Resources */ = {isa = PBXBuildFile; fileRef = 9313FEE22940049600A82D35 /* Assets.xcassets */; };
		9313FEE62940049600A82D35 /* LaunchScreen.storyboard in Resources */ = {isa = PBXBuildFile; fileRef = 9313FEE42940049600A82D35 /* LaunchScreen.storyboard */; };
		9313FEEF2940083D00A82D35 /* TaskListViewController.swift in Sources */ = {isa = PBXBuildFile; fileRef = 9313FEEE2940083D00A82D35 /* TaskListViewController.swift */; };
		9313FEF129400CDF00A82D35 /* AddTaskViewController.swift in Sources */ = {isa = PBXBuildFile; fileRef = 9313FEF029400CDF00A82D35 /* AddTaskViewController.swift */; };
		9313FEF429400F2800A82D35 /* Task.swift in Sources */ = {isa = PBXBuildFile; fileRef = 9313FEF329400F2800A82D35 /* Task.swift */; };
/* End PBXBuildFile section */

/* Begin PBXFileReference section */
		65A99D7725760B7834D3F549 /* Pods-GoodListView.debug.xcconfig */ = {isa = PBXFileReference; includeInIndex = 1; lastKnownFileType = text.xcconfig; name = "Pods-GoodListView.debug.xcconfig"; path = "Target Support Files/Pods-GoodListView/Pods-GoodListView.debug.xcconfig"; sourceTree = "<group>"; };
		9313FED62940049500A82D35 /* GoodListView.app */ = {isa = PBXFileReference; explicitFileType = wrapper.application; includeInIndex = 0; path = GoodListView.app; sourceTree = BUILT_PRODUCTS_DIR; };
		9313FED92940049500A82D35 /* AppDelegate.swift */ = {isa = PBXFileReference; lastKnownFileType = sourcecode.swift; path = AppDelegate.swift; sourceTree = "<group>"; };
		9313FEDB2940049500A82D35 /* SceneDelegate.swift */ = {isa = PBXFileReference; lastKnownFileType = sourcecode.swift; path = SceneDelegate.swift; sourceTree = "<group>"; };
		9313FEE02940049500A82D35 /* Base */ = {isa = PBXFileReference; lastKnownFileType = file.storyboard; name = Base; path = Base.lproj/Main.storyboard; sourceTree = "<group>"; };
		9313FEE22940049600A82D35 /* Assets.xcassets */ = {isa = PBXFileReference; lastKnownFileType = folder.assetcatalog; path = Assets.xcassets; sourceTree = "<group>"; };
		9313FEE52940049600A82D35 /* Base */ = {isa = PBXFileReference; lastKnownFileType = file.storyboard; name = Base; path = Base.lproj/LaunchScreen.storyboard; sourceTree = "<group>"; };
		9313FEE72940049600A82D35 /* Info.plist */ = {isa = PBXFileReference; lastKnownFileType = text.plist.xml; path = Info.plist; sourceTree = "<group>"; };
		9313FEEE2940083D00A82D35 /* TaskListViewController.swift */ = {isa = PBXFileReference; lastKnownFileType = sourcecode.swift; path = TaskListViewController.swift; sourceTree = "<group>"; };
		9313FEF029400CDF00A82D35 /* AddTaskViewController.swift */ = {isa = PBXFileReference; lastKnownFileType = sourcecode.swift; path = AddTaskViewController.swift; sourceTree = "<group>"; };
		9313FEF329400F2800A82D35 /* Task.swift */ = {isa = PBXFileReference; lastKnownFileType = sourcecode.swift; path = Task.swift; sourceTree = "<group>"; };
		CB7815BD4B5AD274341A3D66 /* Pods_GoodListView.framework */ = {isa = PBXFileReference; explicitFileType = wrapper.framework; includeInIndex = 0; path = Pods_GoodListView.framework; sourceTree = BUILT_PRODUCTS_DIR; };
		D45E81C82DD0595669531DD7 /* Pods-GoodListView.release.xcconfig */ = {isa = PBXFileReference; includeInIndex = 1; lastKnownFileType = text.xcconfig; name = "Pods-GoodListView.release.xcconfig"; path = "Target Support Files/Pods-GoodListView/Pods-GoodListView.release.xcconfig"; sourceTree = "<group>"; };
/* End PBXFileReference section */

/* Begin PBXFrameworksBuildPhase section */
		9313FED32940049500A82D35 /* Frameworks */ = {
			isa = PBXFrameworksBuildPhase;
			buildActionMask = 2147483647;
			files = (
				043832F361CF14075860B99F /* Pods_GoodListView.framework in Frameworks */,
			);
			runOnlyForDeploymentPostprocessing = 0;
		};
/* End PBXFrameworksBuildPhase section */

/* Begin PBXGroup section */
		9313FECD2940049500A82D35 = {
			isa = PBXGroup;
			children = (
				9313FED82940049500A82D35 /* GoodListView */,
				9313FED72940049500A82D35 /* Products */,
				F5B2C70BDC8EC8FC55EFFE09 /* Pods */,
				A9262E97A9B0FD70A0C5223E /* Frameworks */,
			);
			sourceTree = "<group>";
		};
		9313FED72940049500A82D35 /* Products */ = {
			isa = PBXGroup;
			children = (
				9313FED62940049500A82D35 /* GoodListView.app */,
			);
			name = Products;
			sourceTree = "<group>";
		};
		9313FED82940049500A82D35 /* GoodListView */ = {
			isa = PBXGroup;
			children = (
				9313FEF229400F1D00A82D35 /* Models */,
				9313FEED2940082600A82D35 /* Controllers */,
				9313FED92940049500A82D35 /* AppDelegate.swift */,
				9313FEDB2940049500A82D35 /* SceneDelegate.swift */,
				9313FEDF2940049500A82D35 /* Main.storyboard */,
				9313FEE22940049600A82D35 /* Assets.xcassets */,
				9313FEE42940049600A82D35 /* LaunchScreen.storyboard */,
				9313FEE72940049600A82D35 /* Info.plist */,
			);
			path = GoodListView;
			sourceTree = "<group>";
		};
		9313FEED2940082600A82D35 /* Controllers */ = {
			isa = PBXGroup;
			children = (
				9313FEEE2940083D00A82D35 /* TaskListViewController.swift */,
				9313FEF029400CDF00A82D35 /* AddTaskViewController.swift */,
			);
			path = Controllers;
			sourceTree = "<group>";
		};
		9313FEF229400F1D00A82D35 /* Models */ = {
			isa = PBXGroup;
			children = (
				9313FEF329400F2800A82D35 /* Task.swift */,
			);
			path = Models;
			sourceTree = "<group>";
		};
		A9262E97A9B0FD70A0C5223E /* Frameworks */ = {
			isa = PBXGroup;
			children = (
				CB7815BD4B5AD274341A3D66 /* Pods_GoodListView.framework */,
			);
			name = Frameworks;
			sourceTree = "<group>";
		};
		F5B2C70BDC8EC8FC55EFFE09 /* Pods */ = {
			isa = PBXGroup;
			children = (
				65A99D7725760B7834D3F549 /* Pods-GoodListView.debug.xcconfig */,
				D45E81C82DD0595669531DD7 /* Pods-GoodListView.release.xcconfig */,
			);
			name = Pods;
			path = Pods;
			sourceTree = "<group>";
		};
/* End PBXGroup section */

/* Begin PBXNativeTarget section */
		9313FED52940049500A82D35 /* GoodListView */ = {
			isa = PBXNativeTarget;
			buildConfigurationList = 9313FEEA2940049600A82D35 /* Build configuration list for PBXNativeTarget "GoodListView" */;
			buildPhases = (
				57FAF7036FE6D98C4EB35849 /* [CP] Check Pods Manifest.lock */,
				9313FED22940049500A82D35 /* Sources */,
				9313FED32940049500A82D35 /* Frameworks */,
				9313FED42940049500A82D35 /* Resources */,
				C5F14918A9B8CA6B13DD3FF3 /* [CP] Embed Pods Frameworks */,
			);
			buildRules = (
			);
			dependencies = (
			);
			name = GoodListView;
			productName = GoodListView;
			productReference = 9313FED62940049500A82D35 /* GoodListView.app */;
			productType = "com.apple.product-type.application";
		};
/* End PBXNativeTarget section */

/* Begin PBXProject section */
		9313FECE2940049500A82D35 /* Project object */ = {
			isa = PBXProject;
			attributes = {
				BuildIndependentTargetsInParallel = 1;
				LastSwiftUpdateCheck = 1400;
				LastUpgradeCheck = 1400;
				TargetAttributes = {
					9313FED52940049500A82D35 = {
						CreatedOnToolsVersion = 14.0.1;
					};
				};
			};
			buildConfigurationList = 9313FED12940049500A82D35 /* Build configuration list for PBXProject "GoodListView" */;
			compatibilityVersion = "Xcode 14.0";
			developmentRegion = en;
			hasScannedForEncodings = 0;
			knownRegions = (
				en,
				Base,
			);
			mainGroup = 9313FECD2940049500A82D35;
			productRefGroup = 9313FED72940049500A82D35 /* Products */;
			projectDirPath = "";
			projectRoot = "";
			targets = (
				9313FED52940049500A82D35 /* GoodListView */,
			);
		};
/* End PBXProject section */

/* Begin PBXResourcesBuildPhase section */
		9313FED42940049500A82D35 /* Resources */ = {
			isa = PBXResourcesBuildPhase;
			buildActionMask = 2147483647;
			files = (
				9313FEE62940049600A82D35 /* LaunchScreen.storyboard in Resources */,
				9313FEE32940049600A82D35 /* Assets.xcassets in Resources */,
				9313FEE12940049500A82D35 /* Main.storyboard in Resources */,
			);
			runOnlyForDeploymentPostprocessing = 0;
		};
/* End PBXResourcesBuildPhase section */

/* Begin PBXShellScriptBuildPhase section */
		57FAF7036FE6D98C4EB35849 /* [CP] Check Pods Manifest.lock */ = {
			isa = PBXShellScriptBuildPhase;
			buildActionMask = 2147483647;
			files = (
			);
			inputFileListPaths = (
			);
			inputPaths = (
				"${PODS_PODFILE_DIR_PATH}/Podfile.lock",
				"${PODS_ROOT}/Manifest.lock",
			);
			name = "[CP] Check Pods Manifest.lock";
			outputFileListPaths = (
			);
			outputPaths = (
				"$(DERIVED_FILE_DIR)/Pods-GoodListView-checkManifestLockResult.txt",
			);
			runOnlyForDeploymentPostprocessing = 0;
			shellPath = /bin/sh;
			shellScript = "diff \"${PODS_PODFILE_DIR_PATH}/Podfile.lock\" \"${PODS_ROOT}/Manifest.lock\" > /dev/null\nif [ $? != 0 ] ; then\n    # print error to STDERR\n    echo \"error: The sandbox is not in sync with the Podfile.lock. Run 'pod install' or update your CocoaPods installation.\" >&2\n    exit 1\nfi\n# This output is used by Xcode 'outputs' to avoid re-running this script phase.\necho \"SUCCESS\" > \"${SCRIPT_OUTPUT_FILE_0}\"\n";
			showEnvVarsInLog = 0;
		};
		C5F14918A9B8CA6B13DD3FF3 /* [CP] Embed Pods Frameworks */ = {
			isa = PBXShellScriptBuildPhase;
			buildActionMask = 2147483647;
			files = (
			);
			inputFileListPaths = (
				"${PODS_ROOT}/Target Support Files/Pods-GoodListView/Pods-GoodListView-frameworks-${CONFIGURATION}-input-files.xcfilelist",
			);
			name = "[CP] Embed Pods Frameworks";
			outputFileListPaths = (
				"${PODS_ROOT}/Target Support Files/Pods-GoodListView/Pods-GoodListView-frameworks-${CONFIGURATION}-output-files.xcfilelist",
			);
			runOnlyForDeploymentPostprocessing = 0;
			shellPath = /bin/sh;
			shellScript = "\"${PODS_ROOT}/Target Support Files/Pods-GoodListView/Pods-GoodListView-frameworks.sh\"\n";
			showEnvVarsInLog = 0;
		};
/* End PBXShellScriptBuildPhase section */

/* Begin PBXSourcesBuildPhase section */
		9313FED22940049500A82D35 /* Sources */ = {
			isa = PBXSourcesBuildPhase;
			buildActionMask = 2147483647;
			files = (
				9313FEDA2940049500A82D35 /* AppDelegate.swift in Sources */,
				9313FEF129400CDF00A82D35 /* AddTaskViewController.swift in Sources */,
				9313FEF429400F2800A82D35 /* Task.swift in Sources */,
				9313FEDC2940049500A82D35 /* SceneDelegate.swift in Sources */,
				9313FEEF2940083D00A82D35 /* TaskListViewController.swift in Sources */,
			);
			runOnlyForDeploymentPostprocessing = 0;
		};
/* End PBXSourcesBuildPhase section */

/* Begin PBXVariantGroup section */
		9313FEDF2940049500A82D35 /* Main.storyboard */ = {
			isa = PBXVariantGroup;
			children = (
				9313FEE02940049500A82D35 /* Base */,
			);
			name = Main.storyboard;
			sourceTree = "<group>";
		};
		9313FEE42940049600A82D35 /* LaunchScreen.storyboard */ = {
			isa = PBXVariantGroup;
			children = (
				9313FEE52940049600A82D35 /* Base */,
			);
			name = LaunchScreen.storyboard;
			sourceTree = "<group>";
		};
/* End PBXVariantGroup section */

/* Begin XCBuildConfiguration section */
		9313FEE82940049600A82D35 /* Debug */ = {
			isa = XCBuildConfiguration;
			buildSettings = {
				ALWAYS_SEARCH_USER_PATHS = NO;
				CLANG_ANALYZER_NONNULL = YES;
				CLANG_ANALYZER_NUMBER_OBJECT_CONVERSION = YES_AGGRESSIVE;
				CLANG_CXX_LANGUAGE_STANDARD = "gnu++20";
				CLANG_ENABLE_MODULES = YES;
				CLANG_ENABLE_OBJC_ARC = YES;
				CLANG_ENABLE_OBJC_WEAK = YES;
				CLANG_WARN_BLOCK_CAPTURE_AUTORELEASING = YES;
				CLANG_WARN_BOOL_CONVERSION = YES;
				CLANG_WARN_COMMA = YES;
				CLANG_WARN_CONSTANT_CONVERSION = YES;
				CLANG_WARN_DEPRECATED_OBJC_IMPLEMENTATIONS = YES;
				CLANG_WARN_DIRECT_OBJC_ISA_USAGE = YES_ERROR;
				CLANG_WARN_DOCUMENTATION_COMMENTS = YES;
				CLANG_WARN_EMPTY_BODY = YES;
				CLANG_WARN_ENUM_CONVERSION = YES;
				CLANG_WARN_INFINITE_RECURSION = YES;
				CLANG_WARN_INT_CONVERSION = YES;
				CLANG_WARN_NON_LITERAL_NULL_CONVERSION = YES;
				CLANG_WARN_OBJC_IMPLICIT_RETAIN_SELF = YES;
				CLANG_WARN_OBJC_LITERAL_CONVERSION = YES;
				CLANG_WARN_OBJC_ROOT_CLASS = YES_ERROR;
				CLANG_WARN_QUOTED_INCLUDE_IN_FRAMEWORK_HEADER = YES;
				CLANG_WARN_RANGE_LOOP_ANALYSIS = YES;
				CLANG_WARN_STRICT_PROTOTYPES = YES;
				CLANG_WARN_SUSPICIOUS_MOVE = YES;
				CLANG_WARN_UNGUARDED_AVAILABILITY = YES_AGGRESSIVE;
				CLANG_WARN_UNREACHABLE_CODE = YES;
				CLANG_WARN__DUPLICATE_METHOD_MATCH = YES;
				COPY_PHASE_STRIP = NO;
				DEBUG_INFORMATION_FORMAT = dwarf;
				ENABLE_STRICT_OBJC_MSGSEND = YES;
				ENABLE_TESTABILITY = YES;
				GCC_C_LANGUAGE_STANDARD = gnu11;
				GCC_DYNAMIC_NO_PIC = NO;
				GCC_NO_COMMON_BLOCKS = YES;
				GCC_OPTIMIZATION_LEVEL = 0;
				GCC_PREPROCESSOR_DEFINITIONS = (
					"DEBUG=1",
					"$(inherited)",
				);
				GCC_WARN_64_TO_32_BIT_CONVERSION = YES;
				GCC_WARN_ABOUT_RETURN_TYPE = YES_ERROR;
				GCC_WARN_UNDECLARED_SELECTOR = YES;
				GCC_WARN_UNINITIALIZED_AUTOS = YES_AGGRESSIVE;
				GCC_WARN_UNUSED_FUNCTION = YES;
				GCC_WARN_UNUSED_VARIABLE = YES;
				IPHONEOS_DEPLOYMENT_TARGET = 16.0;
				MTL_ENABLE_DEBUG_INFO = INCLUDE_SOURCE;
				MTL_FAST_MATH = YES;
				ONLY_ACTIVE_ARCH = YES;
				SDKROOT = iphoneos;
				SWIFT_ACTIVE_COMPILATION_CONDITIONS = DEBUG;
				SWIFT_OPTIMIZATION_LEVEL = "-Onone";
			};
			name = Debug;
		};
		9313FEE92940049600A82D35 /* Release */ = {
			isa = XCBuildConfiguration;
			buildSettings = {
				ALWAYS_SEARCH_USER_PATHS = NO;
				CLANG_ANALYZER_NONNULL = YES;
				CLANG_ANALYZER_NUMBER_OBJECT_CONVERSION = YES_AGGRESSIVE;
				CLANG_CXX_LANGUAGE_STANDARD = "gnu++20";
				CLANG_ENABLE_MODULES = YES;
				CLANG_ENABLE_OBJC_ARC = YES;
				CLANG_ENABLE_OBJC_WEAK = YES;
				CLANG_WARN_BLOCK_CAPTURE_AUTORELEASING = YES;
				CLANG_WARN_BOOL_CONVERSION = YES;
				CLANG_WARN_COMMA = YES;
				CLANG_WARN_CONSTANT_CONVERSION = YES;
				CLANG_WARN_DEPRECATED_OBJC_IMPLEMENTATIONS = YES;
				CLANG_WARN_DIRECT_OBJC_ISA_USAGE = YES_ERROR;
				CLANG_WARN_DOCUMENTATION_COMMENTS = YES;
				CLANG_WARN_EMPTY_BODY = YES;
				CLANG_WARN_ENUM_CONVERSION = YES;
				CLANG_WARN_INFINITE_RECURSION = YES;
				CLANG_WARN_INT_CONVERSION = YES;
				CLANG_WARN_NON_LITERAL_NULL_CONVERSION = YES;
				CLANG_WARN_OBJC_IMPLICIT_RETAIN_SELF = YES;
				CLANG_WARN_OBJC_LITERAL_CONVERSION = YES;
				CLANG_WARN_OBJC_ROOT_CLASS = YES_ERROR;
				CLANG_WARN_QUOTED_INCLUDE_IN_FRAMEWORK_HEADER = YES;
				CLANG_WARN_RANGE_LOOP_ANALYSIS = YES;
				CLANG_WARN_STRICT_PROTOTYPES = YES;
				CLANG_WARN_SUSPICIOUS_MOVE = YES;
				CLANG_WARN_UNGUARDED_AVAILABILITY = YES_AGGRESSIVE;
				CLANG_WARN_UNREACHABLE_CODE = YES;
				CLANG_WARN__DUPLICATE_METHOD_MATCH = YES;
				COPY_PHASE_STRIP = NO;
				DEBUG_INFORMATION_FORMAT = "dwarf-with-dsym";
				ENABLE_NS_ASSERTIONS = NO;
				ENABLE_STRICT_OBJC_MSGSEND = YES;
				GCC_C_LANGUAGE_STANDARD = gnu11;
				GCC_NO_COMMON_BLOCKS = YES;
				GCC_WARN_64_TO_32_BIT_CONVERSION = YES;
				GCC_WARN_ABOUT_RETURN_TYPE = YES_ERROR;
				GCC_WARN_UNDECLARED_SELECTOR = YES;
				GCC_WARN_UNINITIALIZED_AUTOS = YES_AGGRESSIVE;
				GCC_WARN_UNUSED_FUNCTION = YES;
				GCC_WARN_UNUSED_VARIABLE = YES;
				IPHONEOS_DEPLOYMENT_TARGET = 16.0;
				MTL_ENABLE_DEBUG_INFO = NO;
				MTL_FAST_MATH = YES;
				SDKROOT = iphoneos;
				SWIFT_COMPILATION_MODE = wholemodule;
				SWIFT_OPTIMIZATION_LEVEL = "-O";
				VALIDATE_PRODUCT = YES;
			};
			name = Release;
		};
		9313FEEB2940049600A82D35 /* Debug */ = {
			isa = XCBuildConfiguration;
			baseConfigurationReference = 65A99D7725760B7834D3F549 /* Pods-GoodListView.debug.xcconfig */;
			buildSettings = {
				ASSETCATALOG_COMPILER_APPICON_NAME = AppIcon;
				ASSETCATALOG_COMPILER_GLOBAL_ACCENT_COLOR_NAME = AccentColor;
				CODE_SIGN_STYLE = Automatic;
				CURRENT_PROJECT_VERSION = 1;
				DEVELOPMENT_TEAM = BJYRRMLA6N;
				GENERATE_INFOPLIST_FILE = YES;
				INFOPLIST_FILE = GoodListView/Info.plist;
				INFOPLIST_KEY_UIApplicationSupportsIndirectInputEvents = YES;
				INFOPLIST_KEY_UILaunchStoryboardName = LaunchScreen;
				INFOPLIST_KEY_UIMainStoryboardFile = Main;
				INFOPLIST_KEY_UISupportedInterfaceOrientations_iPad = "UIInterfaceOrientationPortrait UIInterfaceOrientationPortraitUpsideDown UIInterfaceOrientationLandscapeLeft UIInterfaceOrientationLandscapeRight";
				INFOPLIST_KEY_UISupportedInterfaceOrientations_iPhone = "UIInterfaceOrientationPortrait UIInterfaceOrientationLandscapeLeft UIInterfaceOrientationLandscapeRight";
				LD_RUNPATH_SEARCH_PATHS = (
					"$(inherited)",
					"@executable_path/Frameworks",
				);
				MARKETING_VERSION = 1.0;
				PRODUCT_BUNDLE_IDENTIFIER = carlos.hernandez.GoodListView;
				PRODUCT_NAME = "$(TARGET_NAME)";
				SWIFT_EMIT_LOC_STRINGS = YES;
				SWIFT_VERSION = 5.0;
				TARGETED_DEVICE_FAMILY = "1,2";
			};
			name = Debug;
		};
		9313FEEC2940049600A82D35 /* Release */ = {
			isa = XCBuildConfiguration;
			baseConfigurationReference = D45E81C82DD0595669531DD7 /* Pods-GoodListView.release.xcconfig */;
			buildSettings = {
				ASSETCATALOG_COMPILER_APPICON_NAME = AppIcon;
				ASSETCATALOG_COMPILER_GLOBAL_ACCENT_COLOR_NAME = AccentColor;
				CODE_SIGN_STYLE = Automatic;
				CURRENT_PROJECT_VERSION = 1;
				DEVELOPMENT_TEAM = BJYRRMLA6N;
				GENERATE_INFOPLIST_FILE = YES;
				INFOPLIST_FILE = GoodListView/Info.plist;
				INFOPLIST_KEY_UIApplicationSupportsIndirectInputEvents = YES;
				INFOPLIST_KEY_UILaunchStoryboardName = LaunchScreen;
				INFOPLIST_KEY_UIMainStoryboardFile = Main;
				INFOPLIST_KEY_UISupportedInterfaceOrientations_iPad = "UIInterfaceOrientationPortrait UIInterfaceOrientationPortraitUpsideDown UIInterfaceOrientationLandscapeLeft UIInterfaceOrientationLandscapeRight";
				INFOPLIST_KEY_UISupportedInterfaceOrientations_iPhone = "UIInterfaceOrientationPortrait UIInterfaceOrientationLandscapeLeft UIInterfaceOrientationLandscapeRight";
				LD_RUNPATH_SEARCH_PATHS = (
					"$(inherited)",
					"@executable_path/Frameworks",
				);
				MARKETING_VERSION = 1.0;
				PRODUCT_BUNDLE_IDENTIFIER = carlos.hernandez.GoodListView;
				PRODUCT_NAME = "$(TARGET_NAME)";
				SWIFT_EMIT_LOC_STRINGS = YES;
				SWIFT_VERSION = 5.0;
				TARGETED_DEVICE_FAMILY = "1,2";
			};
			name = Release;
		};
/* End XCBuildConfiguration section */

/* Begin XCConfigurationList section */
		9313FED12940049500A82D35 /* Build configuration list for PBXProject "GoodListView" */ = {
			isa = XCConfigurationList;
			buildConfigurations = (
				9313FEE82940049600A82D35 /* Debug */,
				9313FEE92940049600A82D35 /* Release */,
			);
			defaultConfigurationIsVisible = 0;
			defaultConfigurationName = Release;
		};
		9313FEEA2940049600A82D35 /* Build configuration list for PBXNativeTarget "GoodListView" */ = {
			isa = XCConfigurationList;
			buildConfigurations = (
				9313FEEB2940049600A82D35 /* Debug */,
				9313FEEC2940049600A82D35 /* Release */,
			);
			defaultConfigurationIsVisible = 0;
			defaultConfigurationName = Release;
		};
/* End XCConfigurationList section */
	};
	rootObject = 9313FECE2940049500A82D35 /* Project object */;
}
